
Microsoft Visual Studio Solution File, Format Version 12.00
# Visual Studio Version 16
VisualStudioVersion = 16.0.30621.155
MinimumVisualStudioVersion = 10.0.40219.1
Project("{FAE04EC0-301F-11D3-BF4B-00C04F79EFBC}") = "WH1_NoyElbaz", "WH1_NoyElbaz\WH1_NoyElbaz.csproj", "{4A1CEDCA-A091-43BC-8CFC-C88C0346797C}"
EndProject
Global
	GlobalSection(SolutionConfigurationPlatforms) = preSolution
		Debug|Any CPU = Debug|Any CPU
		Release|Any CPU = Release|Any CPU
	EndGlobalSection
	GlobalSection(ProjectConfigurationPlatforms) = postSolution
		{4A1CEDCA-A091-43BC-8CFC-C88C0346797C}.Debug|Any CPU.ActiveCfg = Debug|Any CPU
		{4A1CEDCA-A091-43BC-8CFC-C88C0346797C}.Debug|Any CPU.Build.0 = Debug|Any CPU
		{4A1CEDCA-A091-43BC-8CFC-C88C0346797C}.Release|Any CPU.ActiveCfg = Release|Any CPU
		{4A1CEDCA-A091-43BC-8CFC-C88C0346797C}.Release|Any CPU.Build.0 = Release|Any CPU
	EndGlobalSection
	GlobalSection(SolutionProperties) = preSolution
		HideSolutionNode = FALSE
	EndGlobalSection
	GlobalSection(ExtensibilityGlobals) = postSolution
		SolutionGuid = {1C1C749D-ED84-461A-9D2D-A4851EFE4F57}
	EndGlobalSection
EndGlobal
